
Microsoft Visual Studio Solution File, Format Version 12.00
# Visual Studio Version 17
Project("{2150E333-8FDC-42A3-9474-1A3956D46DE8}") = "CMakePredefinedTargets", "CMakePredefinedTargets", "{796463D4-3716-345E-AB4A-BD10B3649EE3}"
EndProject
Project("{2150E333-8FDC-42A3-9474-1A3956D46DE8}") = "GLFW3", "GLFW3", "{56F7D69D-51EA-3B27-9F65-A080798F4D53}"
EndProject
Project("{8BC9CEB8-8B4A-11D0-8D11-00A0C91BC942}") = "ALL_BUILD", "ALL_BUILD.vcxproj", "{08A60746-705F-3833-822D-77C8753CEDFD}"
	ProjectSection(ProjectDependencies) = postProject
		{1FD11301-C35C-390A-87A2-958431CD7B6D} = {1FD11301-C35C-390A-87A2-958431CD7B6D}
		{4F5E983E-4647-3210-AC79-08135C4CC9AA} = {4F5E983E-4647-3210-AC79-08135C4CC9AA}
	EndProjectSection
EndProject
Project("{8BC9CEB8-8B4A-11D0-8D11-00A0C91BC942}") = "INSTALL", "INSTALL.vcxproj", "{980D6C00-3442-302D-B8BB-F08B7554DC81}"
	ProjectSection(ProjectDependencies) = postProject
		{08A60746-705F-3833-822D-77C8753CEDFD} = {08A60746-705F-3833-822D-77C8753CEDFD}
		{1FD11301-C35C-390A-87A2-958431CD7B6D} = {1FD11301-C35C-390A-87A2-958431CD7B6D}
	EndProjectSection
EndProject
Project("{8BC9CEB8-8B4A-11D0-8D11-00A0C91BC942}") = "ZERO_CHECK", "D:\Dynamic-Cubemaps-master\build\ZERO_CHECK.vcxproj", "{1FD11301-C35C-390A-87A2-958431CD7B6D}"
	ProjectSection(ProjectDependencies) = postProject
	EndProjectSection
EndProject
Project("{8BC9CEB8-8B4A-11D0-8D11-00A0C91BC942}") = "glfw", "src\glfw.vcxproj", "{4F5E983E-4647-3210-AC79-08135C4CC9AA}"
	ProjectSection(ProjectDependencies) = postProject
		{1FD11301-C35C-390A-87A2-958431CD7B6D} = {1FD11301-C35C-390A-87A2-958431CD7B6D}
	EndProjectSection
EndProject
Project("{8BC9CEB8-8B4A-11D0-8D11-00A0C91BC942}") = "uninstall", "uninstall.vcxproj", "{D04B13B2-EB7A-3F40-B102-A0118B89419A}"
	ProjectSection(ProjectDependencies) = postProject
		{1FD11301-C35C-390A-87A2-958431CD7B6D} = {1FD11301-C35C-390A-87A2-958431CD7B6D}
	EndProjectSection
EndProject
Project("{8BC9CEB8-8B4A-11D0-8D11-00A0C91BC942}") = "update_mappings", "src\update_mappings.vcxproj", "{6B12EF56-BBDD-378F-8C1A-DE1BF1F2B99E}"
	ProjectSection(ProjectDependencies) = postProject
		{1FD11301-C35C-390A-87A2-958431CD7B6D} = {1FD11301-C35C-390A-87A2-958431CD7B6D}
	EndProjectSection
EndProject
Global
	GlobalSection(SolutionConfigurationPlatforms) = preSolution
		Debug|x64 = Debug|x64
		Release|x64 = Release|x64
		MinSizeRel|x64 = MinSizeRel|x64
		RelWithDebInfo|x64 = RelWithDebInfo|x64
	EndGlobalSection
	GlobalSection(ProjectConfigurationPlatforms) = postSolution
		{08A60746-705F-3833-822D-77C8753CEDFD}.Debug|x64.ActiveCfg = Debug|x64
		{08A60746-705F-3833-822D-77C8753CEDFD}.Debug|x64.Build.0 = Debug|x64
		{08A60746-705F-3833-822D-77C8753CEDFD}.Release|x64.ActiveCfg = Release|x64
		{08A60746-705F-3833-822D-77C8753CEDFD}.Release|x64.Build.0 = Release|x64
		{08A60746-705F-3833-822D-77C8753CEDFD}.MinSizeRel|x64.ActiveCfg = MinSizeRel|x64
		{08A60746-705F-3833-822D-77C8753CEDFD}.MinSizeRel|x64.Build.0 = MinSizeRel|x64
		{08A60746-705F-3833-822D-77C8753CEDFD}.RelWithDebInfo|x64.ActiveCfg = RelWithDebInfo|x64
		{08A60746-705F-3833-822D-77C8753CEDFD}.RelWithDebInfo|x64.Build.0 = RelWithDebInfo|x64
		{980D6C00-3442-302D-B8BB-F08B7554DC81}.Debug|x64.ActiveCfg = Debug|x64
		{980D6C00-3442-302D-B8BB-F08B7554DC81}.Release|x64.ActiveCfg = Release|x64
		{980D6C00-3442-302D-B8BB-F08B7554DC81}.MinSizeRel|x64.ActiveCfg = MinSizeRel|x64
		{980D6C00-3442-302D-B8BB-F08B7554DC81}.RelWithDebInfo|x64.ActiveCfg = RelWithDebInfo|x64
		{1FD11301-C35C-390A-87A2-958431CD7B6D}.Debug|x64.ActiveCfg = Debug|x64
		{1FD11301-C35C-390A-87A2-958431CD7B6D}.Debug|x64.Build.0 = Debug|x64
		{1FD11301-C35C-390A-87A2-958431CD7B6D}.Release|x64.ActiveCfg = Release|x64
		{1FD11301-C35C-390A-87A2-958431CD7B6D}.Release|x64.Build.0 = Release|x64
		{1FD11301-C35C-390A-87A2-958431CD7B6D}.MinSizeRel|x64.ActiveCfg = MinSizeRel|x64
		{1FD11301-C35C-390A-87A2-958431CD7B6D}.MinSizeRel|x64.Build.0 = MinSizeRel|x64
		{1FD11301-C35C-390A-87A2-958431CD7B6D}.RelWithDebInfo|x64.ActiveCfg = RelWithDebInfo|x64
		{1FD11301-C35C-390A-87A2-958431CD7B6D}.RelWithDebInfo|x64.Build.0 = RelWithDebInfo|x64
		{4F5E983E-4647-3210-AC79-08135C4CC9AA}.Debug|x64.ActiveCfg = Debug|x64
		{4F5E983E-4647-3210-AC79-08135C4CC9AA}.Debug|x64.Build.0 = Debug|x64
		{4F5E983E-4647-3210-AC79-08135C4CC9AA}.Release|x64.ActiveCfg = Release|x64
		{4F5E983E-4647-3210-AC79-08135C4CC9AA}.Release|x64.Build.0 = Release|x64
		{4F5E983E-4647-3210-AC79-08135C4CC9AA}.MinSizeRel|x64.ActiveCfg = MinSizeRel|x64
		{4F5E983E-4647-3210-AC79-08135C4CC9AA}.MinSizeRel|x64.Build.0 = MinSizeRel|x64
		{4F5E983E-4647-3210-AC79-08135C4CC9AA}.RelWithDebInfo|x64.ActiveCfg = RelWithDebInfo|x64
		{4F5E983E-4647-3210-AC79-08135C4CC9AA}.RelWithDebInfo|x64.Build.0 = RelWithDebInfo|x64
		{D04B13B2-EB7A-3F40-B102-A0118B89419A}.Debug|x64.ActiveCfg = Debug|x64
		{D04B13B2-EB7A-3F40-B102-A0118B89419A}.Release|x64.ActiveCfg = Release|x64
		{D04B13B2-EB7A-3F40-B102-A0118B89419A}.MinSizeRel|x64.ActiveCfg = MinSizeRel|x64
		{D04B13B2-EB7A-3F40-B102-A0118B89419A}.RelWithDebInfo|x64.ActiveCfg = RelWithDebInfo|x64
		{6B12EF56-BBDD-378F-8C1A-DE1BF1F2B99E}.Debug|x64.ActiveCfg = Debug|x64
		{6B12EF56-BBDD-378F-8C1A-DE1BF1F2B99E}.Release|x64.ActiveCfg = Release|x64
		{6B12EF56-BBDD-378F-8C1A-DE1BF1F2B99E}.MinSizeRel|x64.ActiveCfg = MinSizeRel|x64
		{6B12EF56-BBDD-378F-8C1A-DE1BF1F2B99E}.RelWithDebInfo|x64.ActiveCfg = RelWithDebInfo|x64
	EndGlobalSection
	GlobalSection(NestedProjects) = preSolution
		{08A60746-705F-3833-822D-77C8753CEDFD} = {796463D4-3716-345E-AB4A-BD10B3649EE3}
		{980D6C00-3442-302D-B8BB-F08B7554DC81} = {796463D4-3716-345E-AB4A-BD10B3649EE3}
		{1FD11301-C35C-390A-87A2-958431CD7B6D} = {796463D4-3716-345E-AB4A-BD10B3649EE3}
		{4F5E983E-4647-3210-AC79-08135C4CC9AA} = {56F7D69D-51EA-3B27-9F65-A080798F4D53}
		{D04B13B2-EB7A-3F40-B102-A0118B89419A} = {56F7D69D-51EA-3B27-9F65-A080798F4D53}
		{6B12EF56-BBDD-378F-8C1A-DE1BF1F2B99E} = {56F7D69D-51EA-3B27-9F65-A080798F4D53}
	EndGlobalSection
	GlobalSection(ExtensibilityGlobals) = postSolution
		SolutionGuid = {AFEC45AB-B605-35F5-A56D-A5BF55EF1E35}
	EndGlobalSection
	GlobalSection(ExtensibilityAddIns) = postSolution
	EndGlobalSection
EndGlobal
