<?xml version="1.0" encoding="utf-8"?>
<Project ToolsVersion="17.0" xmlns="http://schemas.microsoft.com/developer/msbuild/2003">
  <ItemGroup>
    <CustomBuild Include="D:\Dynamic-Cubemaps-master\build\CMakeFiles\f504c599a95db432fd7157fa09c12e1d\INSTALL_force.rule">
      <Filter>CMake Rules</Filter>
    </CustomBuild>
  </ItemGroup>
  <ItemGroup>
    <Filter Include="CMake Rules">
      <UniqueIdentifier>{4CC1A818-643A-3DB3-ADE9-8FAC890DC387}</UniqueIdentifier>
    </Filter>
  </ItemGroup>
</Project>
